
Microsoft Visual Studio Solution File, Format Version 12.00
# Visual Studio 15
VisualStudioVersion = 15.0.28010.2050
MinimumVisualStudioVersion = 10.0.40219.1
Project("{FAE04EC0-301F-11D3-BF4B-00C04F79EFBC}") = "StockMarket.Web", "StockMarket .netCore\StockMarket.Web.csproj", "{F598ED49-5B7D-4BD1-A6C9-874D669D9C12}"
EndProject
Project("{FAE04EC0-301F-11D3-BF4B-00C04F79EFBC}") = "StockMarket.BusinessLayer", "StockMarket.BusinessLayer\StockMarket.BusinessLayer.csproj", "{0A16703A-D123-4A33-899D-584A62DA3D08}"
EndProject
Project("{FAE04EC0-301F-11D3-BF4B-00C04F79EFBC}") = "StockMarket.Entities", "StockMarket.Entities\StockMarket.Entities.csproj", "{841404CC-F995-49B7-A9CC-8616DC7DA83F}"
EndProject
Global
	GlobalSection(SolutionConfigurationPlatforms) = preSolution
		Debug|Any CPU = Debug|Any CPU
		Release|Any CPU = Release|Any CPU
	EndGlobalSection
	GlobalSection(ProjectConfigurationPlatforms) = postSolution
		{F598ED49-5B7D-4BD1-A6C9-874D669D9C12}.Debug|Any CPU.ActiveCfg = Debug|Any CPU
		{F598ED49-5B7D-4BD1-A6C9-874D669D9C12}.Debug|Any CPU.Build.0 = Debug|Any CPU
		{F598ED49-5B7D-4BD1-A6C9-874D669D9C12}.Release|Any CPU.ActiveCfg = Release|Any CPU
		{F598ED49-5B7D-4BD1-A6C9-874D669D9C12}.Release|Any CPU.Build.0 = Release|Any CPU
		{0A16703A-D123-4A33-899D-584A62DA3D08}.Debug|Any CPU.ActiveCfg = Debug|Any CPU
		{0A16703A-D123-4A33-899D-584A62DA3D08}.Debug|Any CPU.Build.0 = Debug|Any CPU
		{0A16703A-D123-4A33-899D-584A62DA3D08}.Release|Any CPU.ActiveCfg = Release|Any CPU
		{0A16703A-D123-4A33-899D-584A62DA3D08}.Release|Any CPU.Build.0 = Release|Any CPU
		{841404CC-F995-49B7-A9CC-8616DC7DA83F}.Debug|Any CPU.ActiveCfg = Debug|Any CPU
		{841404CC-F995-49B7-A9CC-8616DC7DA83F}.Debug|Any CPU.Build.0 = Debug|Any CPU
		{841404CC-F995-49B7-A9CC-8616DC7DA83F}.Release|Any CPU.ActiveCfg = Release|Any CPU
		{841404CC-F995-49B7-A9CC-8616DC7DA83F}.Release|Any CPU.Build.0 = Release|Any CPU
	EndGlobalSection
	GlobalSection(SolutionProperties) = preSolution
		HideSolutionNode = FALSE
	EndGlobalSection
	GlobalSection(ExtensibilityGlobals) = postSolution
		SolutionGuid = {3FA752C1-67BE-49BD-985C-CDBF1E4EF337}
	EndGlobalSection
EndGlobal
